// !$*UTF8*$!
{
	archiveVersion = 1;
	classes = {
	};
	objectVersion = 50;
	objects = {

/* Begin PBXBuildFile section */
		D22BAEC123D3AD94006DC21E /* AppDelegate.swift in Sources */ = {isa = PBXBuildFile; fileRef = D22BAEC023D3AD94006DC21E /* AppDelegate.swift */; };
		D22BAEC323D3AD94006DC21E /* ViewController.swift in Sources */ = {isa = PBXBuildFile; fileRef = D22BAEC223D3AD94006DC21E /* ViewController.swift */; };
		D22BAEC523D3AD94006DC21E /* Experience.rcproject in Sources */ = {isa = PBXBuildFile; fileRef = D22BAEC423D3AD94006DC21E /* Experience.rcproject */; };
		D22BAEC823D3AD94006DC21E /* Main.storyboard in Resources */ = {isa = PBXBuildFile; fileRef = D22BAEC623D3AD94006DC21E /* Main.storyboard */; };
		D22BAECA23D3AD98006DC21E /* Assets.xcassets in Resources */ = {isa = PBXBuildFile; fileRef = D22BAEC923D3AD98006DC21E /* Assets.xcassets */; };
		D22BAECD23D3AD98006DC21E /* LaunchScreen.storyboard in Resources */ = {isa = PBXBuildFile; fileRef = D22BAECB23D3AD98006DC21E /* LaunchScreen.storyboard */; };
/* End PBXBuildFile section */

/* Begin PBXFileReference section */
		D22BAEBD23D3AD94006DC21E /* ARPigFlip.app */ = {isa = PBXFileReference; explicitFileType = wrapper.application; includeInIndex = 0; path = ARPigFlip.app; sourceTree = BUILT_PRODUCTS_DIR; };
		D22BAEC023D3AD94006DC21E /* AppDelegate.swift */ = {isa = PBXFileReference; lastKnownFileType = sourcecode.swift; path = AppDelegate.swift; sourceTree = "<group>"; };
		D22BAEC223D3AD94006DC21E /* ViewController.swift */ = {isa = PBXFileReference; lastKnownFileType = sourcecode.swift; path = ViewController.swift; sourceTree = "<group>"; };
		D22BAEC423D3AD94006DC21E /* Experience.rcproject */ = {isa = PBXFileReference; lastKnownFileType = file.rcproject; path = Experience.rcproject; sourceTree = "<group>"; };
		D22BAEC723D3AD94006DC21E /* Base */ = {isa = PBXFileReference; lastKnownFileType = file.storyboard; name = Base; path = Base.lproj/Main.storyboard; sourceTree = "<group>"; };
		D22BAEC923D3AD98006DC21E /* Assets.xcassets */ = {isa = PBXFileReference; lastKnownFileType = folder.assetcatalog; path = Assets.xcassets; sourceTree = "<group>"; };
		D22BAECC23D3AD98006DC21E /* Base */ = {isa = PBXFileReference; lastKnownFileType = file.storyboard; name = Base; path = Base.lproj/LaunchScreen.storyboard; sourceTree = "<group>"; };
		D22BAECE23D3AD98006DC21E /* Info.plist */ = {isa = PBXFileReference; lastKnownFileType = text.plist.xml; path = Info.plist; sourceTree = "<group>"; };
/* End PBXFileReference section */

/* Begin PBXFrameworksBuildPhase section */
		D22BAEBA23D3AD94006DC21E /* Frameworks */ = {
			isa = PBXFrameworksBuildPhase;
			buildActionMask = 2147483647;
			files = (
			);
			runOnlyForDeploymentPostprocessing = 0;
		};
/* End PBXFrameworksBuildPhase section */

/* Begin PBXGroup section */
		D22BAEB423D3AD94006DC21E = {
			isa = PBXGroup;
			children = (
				D22BAEBF23D3AD94006DC21E /* ARPigFlip */,
				D22BAEBE23D3AD94006DC21E /* Products */,
			);
			sourceTree = "<group>";
		};
		D22BAEBE23D3AD94006DC21E /* Products */ = {
			isa = PBXGroup;
			children = (
				D22BAEBD23D3AD94006DC21E /* ARPigFlip.app */,
			);
			name = Products;
			sourceTree = "<group>";
		};
		D22BAEBF23D3AD94006DC21E /* ARPigFlip */ = {
			isa = PBXGroup;
			children = (
				D22BAEC023D3AD94006DC21E /* AppDelegate.swift */,
				D22BAEC223D3AD94006DC21E /* ViewController.swift */,
				D22BAEC423D3AD94006DC21E /* Experience.rcproject */,
				D22BAEC623D3AD94006DC21E /* Main.storyboard */,
				D22BAEC923D3AD98006DC21E /* Assets.xcassets */,
				D22BAECB23D3AD98006DC21E /* LaunchScreen.storyboard */,
				D22BAECE23D3AD98006DC21E /* Info.plist */,
			);
			path = ARPigFlip;
			sourceTree = "<group>";
		};
/* End PBXGroup section */

/* Begin PBXNativeTarget section */
		D22BAEBC23D3AD94006DC21E /* ARPigFlip */ = {
			isa = PBXNativeTarget;
			buildConfigurationList = D22BAED123D3AD98006DC21E /* Build configuration list for PBXNativeTarget "ARPigFlip" */;
			buildPhases = (
				D22BAEB923D3AD94006DC21E /* Sources */,
				D22BAEBA23D3AD94006DC21E /* Frameworks */,
				D22BAEBB23D3AD94006DC21E /* Resources */,
			);
			buildRules = (
			);
			dependencies = (
			);
			name = ARPigFlip;
			productName = ARPigFlip;
			productReference = D22BAEBD23D3AD94006DC21E /* ARPigFlip.app */;
			productType = "com.apple.product-type.application";
		};
/* End PBXNativeTarget section */

/* Begin PBXProject section */
		D22BAEB523D3AD94006DC21E /* Project object */ = {
			isa = PBXProject;
			attributes = {
				LastSwiftUpdateCheck = 1130;
				LastUpgradeCheck = 1130;
				ORGANIZATIONNAME = "Connor Power";
				TargetAttributes = {
					D22BAEBC23D3AD94006DC21E = {
						CreatedOnToolsVersion = 11.3.1;
					};
				};
			};
			buildConfigurationList = D22BAEB823D3AD94006DC21E /* Build configuration list for PBXProject "ARPigFlip" */;
			compatibilityVersion = "Xcode 9.3";
			developmentRegion = en;
			hasScannedForEncodings = 0;
			knownRegions = (
				en,
				Base,
			);
			mainGroup = D22BAEB423D3AD94006DC21E;
			productRefGroup = D22BAEBE23D3AD94006DC21E /* Products */;
			projectDirPath = "";
			projectRoot = "";
			targets = (
				D22BAEBC23D3AD94006DC21E /* ARPigFlip */,
			);
		};
/* End PBXProject section */

/* Begin PBXResourcesBuildPhase section */
		D22BAEBB23D3AD94006DC21E /* Resources */ = {
			isa = PBXResourcesBuildPhase;
			buildActionMask = 2147483647;
			files = (
				D22BAECD23D3AD98006DC21E /* LaunchScreen.storyboard in Resources */,
				D22BAECA23D3AD98006DC21E /* Assets.xcassets in Resources */,
				D22BAEC823D3AD94006DC21E /* Main.storyboard in Resources */,
			);
			runOnlyForDeploymentPostprocessing = 0;
		};
/* End PBXResourcesBuildPhase section */

/* Begin PBXSourcesBuildPhase section */
		D22BAEB923D3AD94006DC21E /* Sources */ = {
			isa = PBXSourcesBuildPhase;
			buildActionMask = 2147483647;
			files = (
				D22BAEC323D3AD94006DC21E /* ViewController.swift in Sources */,
				D22BAEC123D3AD94006DC21E /* AppDelegate.swift in Sources */,
				D22BAEC523D3AD94006DC21E /* Experience.rcproject in Sources */,
			);
			runOnlyForDeploymentPostprocessing = 0;
		};
/* End PBXSourcesBuildPhase section */

/* Begin PBXVariantGroup section */
		D22BAEC623D3AD94006DC21E /* Main.storyboard */ = {
			isa = PBXVariantGroup;
			children = (
				D22BAEC723D3AD94006DC21E /* Base */,
			);
			name = Main.storyboard;
			sourceTree = "<group>";
		};
		D22BAECB23D3AD98006DC21E /* LaunchScreen.storyboard */ = {
			isa = PBXVariantGroup;
			children = (
				D22BAECC23D3AD98006DC21E /* Base */,
			);
			name = LaunchScreen.storyboard;
			sourceTree = "<group>";
		};
/* End PBXVariantGroup section */

/* Begin XCBuildConfiguration section */
		D22BAECF23D3AD98006DC21E /* Debug */ = {
			isa = XCBuildConfiguration;
			buildSettings = {
				ALWAYS_SEARCH_USER_PATHS = NO;
				CLANG_ANALYZER_NONNULL = YES;
				CLANG_ANALYZER_NUMBER_OBJECT_CONVERSION = YES_AGGRESSIVE;
				CLANG_CXX_LANGUAGE_STANDARD = "gnu++14";
				CLANG_CXX_LIBRARY = "libc++";
				CLANG_ENABLE_MODULES = YES;
				CLANG_ENABLE_OBJC_ARC = YES;
				CLANG_ENABLE_OBJC_WEAK = YES;
				CLANG_WARN_BLOCK_CAPTURE_AUTORELEASING = YES;
				CLANG_WARN_BOOL_CONVERSION = YES;
				CLANG_WARN_COMMA = YES;
				CLANG_WARN_CONSTANT_CONVERSION = YES;
				CLANG_WARN_DEPRECATED_OBJC_IMPLEMENTATIONS = YES;
				CLANG_WARN_DIRECT_OBJC_ISA_USAGE = YES_ERROR;
				CLANG_WARN_DOCUMENTATION_COMMENTS = YES;
				CLANG_WARN_EMPTY_BODY = YES;
				CLANG_WARN_ENUM_CONVERSION = YES;
				CLANG_WARN_INFINITE_RECURSION = YES;
				CLANG_WARN_INT_CONVERSION = YES;
				CLANG_WARN_NON_LITERAL_NULL_CONVERSION = YES;
				CLANG_WARN_OBJC_IMPLICIT_RETAIN_SELF = YES;
				CLANG_WARN_OBJC_LITERAL_CONVERSION = YES;
				CLANG_WARN_OBJC_ROOT_CLASS = YES_ERROR;
				CLANG_WARN_RANGE_LOOP_ANALYSIS = YES;
				CLANG_WARN_STRICT_PROTOTYPES = YES;
				CLANG_WARN_SUSPICIOUS_MOVE = YES;
				CLANG_WARN_UNGUARDED_AVAILABILITY = YES_AGGRESSIVE;
				CLANG_WARN_UNREACHABLE_CODE = YES;
				CLANG_WARN__DUPLICATE_METHOD_MATCH = YES;
				COPY_PHASE_STRIP = NO;
				DEBUG_INFORMATION_FORMAT = dwarf;
				ENABLE_STRICT_OBJC_MSGSEND = YES;
				ENABLE_TESTABILITY = YES;
				GCC_C_LANGUAGE_STANDARD = gnu11;
				GCC_DYNAMIC_NO_PIC = NO;
				GCC_NO_COMMON_BLOCKS = YES;
				GCC_OPTIMIZATION_LEVEL = 0;
				GCC_PREPROCESSOR_DEFINITIONS = (
					"DEBUG=1",
					"$(inherited)",
				);
				GCC_WARN_64_TO_32_BIT_CONVERSION = YES;
				GCC_WARN_ABOUT_RETURN_TYPE = YES_ERROR;
				GCC_WARN_UNDECLARED_SELECTOR = YES;
				GCC_WARN_UNINITIALIZED_AUTOS = YES_AGGRESSIVE;
				GCC_WARN_UNUSED_FUNCTION = YES;
				GCC_WARN_UNUSED_VARIABLE = YES;
				IPHONEOS_DEPLOYMENT_TARGET = 13.2;
				MTL_ENABLE_DEBUG_INFO = INCLUDE_SOURCE;
				MTL_FAST_MATH = YES;
				ONLY_ACTIVE_ARCH = YES;
				SDKROOT = iphoneos;
				SWIFT_ACTIVE_COMPILATION_CONDITIONS = DEBUG;
				SWIFT_OPTIMIZATION_LEVEL = "-Onone";
			};
			name = Debug;
		};
		D22BAED023D3AD98006DC21E /* Release */ = {
			isa = XCBuildConfiguration;
			buildSettings = {
				ALWAYS_SEARCH_USER_PATHS = NO;
				CLANG_ANALYZER_NONNULL = YES;
				CLANG_ANALYZER_NUMBER_OBJECT_CONVERSION = YES_AGGRESSIVE;
				CLANG_CXX_LANGUAGE_STANDARD = "gnu++14";
				CLANG_CXX_LIBRARY = "libc++";
				CLANG_ENABLE_MODULES = YES;
				CLANG_ENABLE_OBJC_ARC = YES;
				CLANG_ENABLE_OBJC_WEAK = YES;
				CLANG_WARN_BLOCK_CAPTURE_AUTORELEASING = YES;
				CLANG_WARN_BOOL_CONVERSION = YES;
				CLANG_WARN_COMMA = YES;
				CLANG_WARN_CONSTANT_CONVERSION = YES;
				CLANG_WARN_DEPRECATED_OBJC_IMPLEMENTATIONS = YES;
				CLANG_WARN_DIRECT_OBJC_ISA_USAGE = YES_ERROR;
				CLANG_WARN_DOCUMENTATION_COMMENTS = YES;
				CLANG_WARN_EMPTY_BODY = YES;
				CLANG_WARN_ENUM_CONVERSION = YES;
				CLANG_WARN_INFINITE_RECURSION = YES;
				CLANG_WARN_INT_CONVERSION = YES;
				CLANG_WARN_NON_LITERAL_NULL_CONVERSION = YES;
				CLANG_WARN_OBJC_IMPLICIT_RETAIN_SELF = YES;
				CLANG_WARN_OBJC_LITERAL_CONVERSION = YES;
				CLANG_WARN_OBJC_ROOT_CLASS = YES_ERROR;
				CLANG_WARN_RANGE_LOOP_ANALYSIS = YES;
				CLANG_WARN_STRICT_PROTOTYPES = YES;
				CLANG_WARN_SUSPICIOUS_MOVE = YES;
				CLANG_WARN_UNGUARDED_AVAILABILITY = YES_AGGRESSIVE;
				CLANG_WARN_UNREACHABLE_CODE = YES;
				CLANG_WARN__DUPLICATE_METHOD_MATCH = YES;
				COPY_PHASE_STRIP = NO;
				DEBUG_INFORMATION_FORMAT = "dwarf-with-dsym";
				ENABLE_NS_ASSERTIONS = NO;
				ENABLE_STRICT_OBJC_MSGSEND = YES;
				GCC_C_LANGUAGE_STANDARD = gnu11;
				GCC_NO_COMMON_BLOCKS = YES;
				GCC_WARN_64_TO_32_BIT_CONVERSION = YES;
				GCC_WARN_ABOUT_RETURN_TYPE = YES_ERROR;
				GCC_WARN_UNDECLARED_SELECTOR = YES;
				GCC_WARN_UNINITIALIZED_AUTOS = YES_AGGRESSIVE;
				GCC_WARN_UNUSED_FUNCTION = YES;
				GCC_WARN_UNUSED_VARIABLE = YES;
				IPHONEOS_DEPLOYMENT_TARGET = 13.2;
				MTL_ENABLE_DEBUG_INFO = NO;
				MTL_FAST_MATH = YES;
				SDKROOT = iphoneos;
				SWIFT_COMPILATION_MODE = wholemodule;
				SWIFT_OPTIMIZATION_LEVEL = "-O";
				VALIDATE_PRODUCT = YES;
			};
			name = Release;
		};
		D22BAED223D3AD98006DC21E /* Debug */ = {
			isa = XCBuildConfiguration;
			buildSettings = {
				ASSETCATALOG_COMPILER_APPICON_NAME = AppIcon;
				CODE_SIGN_STYLE = Automatic;
				DEVELOPMENT_TEAM = UT4GL6WQ35;
				INFOPLIST_FILE = ARPigFlip/Info.plist;
				LD_RUNPATH_SEARCH_PATHS = (
					"$(inherited)",
					"@executable_path/Frameworks",
				);
				PRODUCT_BUNDLE_IDENTIFIER = com.connorpower.ARPigFlip;
				PRODUCT_NAME = "$(TARGET_NAME)";
				SWIFT_VERSION = 5.0;
				TARGETED_DEVICE_FAMILY = "1,2";
			};
			name = Debug;
		};
		D22BAED323D3AD98006DC21E /* Release */ = {
			isa = XCBuildConfiguration;
			buildSettings = {
				ASSETCATALOG_COMPILER_APPICON_NAME = AppIcon;
				CODE_SIGN_STYLE = Automatic;
				DEVELOPMENT_TEAM = UT4GL6WQ35;
				INFOPLIST_FILE = ARPigFlip/Info.plist;
				LD_RUNPATH_SEARCH_PATHS = (
					"$(inherited)",
					"@executable_path/Frameworks",
				);
				PRODUCT_BUNDLE_IDENTIFIER = com.connorpower.ARPigFlip;
				PRODUCT_NAME = "$(TARGET_NAME)";
				SWIFT_VERSION = 5.0;
				TARGETED_DEVICE_FAMILY = "1,2";
			};
			name = Release;
		};
/* End XCBuildConfiguration section */

/* Begin XCConfigurationList section */
		D22BAEB823D3AD94006DC21E /* Build configuration list for PBXProject "ARPigFlip" */ = {
			isa = XCConfigurationList;
			buildConfigurations = (
				D22BAECF23D3AD98006DC21E /* Debug */,
				D22BAED023D3AD98006DC21E /* Release */,
			);
			defaultConfigurationIsVisible = 0;
			defaultConfigurationName = Release;
		};
		D22BAED123D3AD98006DC21E /* Build configuration list for PBXNativeTarget "ARPigFlip" */ = {
			isa = XCConfigurationList;
			buildConfigurations = (
				D22BAED223D3AD98006DC21E /* Debug */,
				D22BAED323D3AD98006DC21E /* Release */,
			);
			defaultConfigurationIsVisible = 0;
			defaultConfigurationName = Release;
		};
/* End XCConfigurationList section */
	};
	rootObject = D22BAEB523D3AD94006DC21E /* Project object */;
}
